
Microsoft Visual Studio Solution File, Format Version 12.00
# Visual Studio 2012
Project("{8BC9CEB8-8B4A-11D0-8D11-00A0C91BC942}") = "project_mp_platformer", "project_mp_platformer.vcxproj", "{B158B3E0-D440-42C5-9109-221343AEC158}"
EndProject
Project("{8BC9CEB8-8B4A-11D0-8D11-00A0C91BC942}") = "server", "server\server.vcxproj", "{C67B9B70-7EF5-4F9F-8302-12ABFBD84BD0}"
EndProject
Project("{8BC9CEB8-8B4A-11D0-8D11-00A0C91BC942}") = "client", "client\client.vcxproj", "{D7DAEF3C-D232-4B68-9F8F-A6BAC2567C64}"
EndProject
Project("{8BC9CEB8-8B4A-11D0-8D11-00A0C91BC942}") = "mapeditor", "mapeditor\mapeditor.vcxproj", "{C312A6BA-9990-4EF0-864E-2AAD6F0581CD}"
EndProject
Global
	GlobalSection(SolutionConfigurationPlatforms) = preSolution
		Debug|Win32 = Debug|Win32
		Release|Win32 = Release|Win32
	EndGlobalSection
	GlobalSection(ProjectConfigurationPlatforms) = postSolution
		{B158B3E0-D440-42C5-9109-221343AEC158}.Debug|Win32.ActiveCfg = Debug|Win32
		{B158B3E0-D440-42C5-9109-221343AEC158}.Debug|Win32.Build.0 = Debug|Win32
		{B158B3E0-D440-42C5-9109-221343AEC158}.Release|Win32.ActiveCfg = Release|Win32
		{B158B3E0-D440-42C5-9109-221343AEC158}.Release|Win32.Build.0 = Release|Win32
		{C67B9B70-7EF5-4F9F-8302-12ABFBD84BD0}.Debug|Win32.ActiveCfg = Debug|Win32
		{C67B9B70-7EF5-4F9F-8302-12ABFBD84BD0}.Debug|Win32.Build.0 = Debug|Win32
		{C67B9B70-7EF5-4F9F-8302-12ABFBD84BD0}.Release|Win32.ActiveCfg = Release|Win32
		{C67B9B70-7EF5-4F9F-8302-12ABFBD84BD0}.Release|Win32.Build.0 = Release|Win32
		{D7DAEF3C-D232-4B68-9F8F-A6BAC2567C64}.Debug|Win32.ActiveCfg = Debug|Win32
		{D7DAEF3C-D232-4B68-9F8F-A6BAC2567C64}.Debug|Win32.Build.0 = Debug|Win32
		{D7DAEF3C-D232-4B68-9F8F-A6BAC2567C64}.Release|Win32.ActiveCfg = Release|Win32
		{D7DAEF3C-D232-4B68-9F8F-A6BAC2567C64}.Release|Win32.Build.0 = Release|Win32
		{C312A6BA-9990-4EF0-864E-2AAD6F0581CD}.Debug|Win32.ActiveCfg = Debug|Win32
		{C312A6BA-9990-4EF0-864E-2AAD6F0581CD}.Debug|Win32.Build.0 = Debug|Win32
		{C312A6BA-9990-4EF0-864E-2AAD6F0581CD}.Release|Win32.ActiveCfg = Release|Win32
		{C312A6BA-9990-4EF0-864E-2AAD6F0581CD}.Release|Win32.Build.0 = Release|Win32
	EndGlobalSection
	GlobalSection(SolutionProperties) = preSolution
		HideSolutionNode = FALSE
	EndGlobalSection
EndGlobal
